
Microsoft Visual Studio Solution File, Format Version 12.00
# Visual Studio Version 17
VisualStudioVersion = 17.0.31903.59
MinimumVisualStudioVersion = 10.0.40219.1
Project("{8BC9CEB8-8B4A-11D0-8D11-00A0C91BC942}") = "PipeProbe", "PopeProbe\PopeProbe.vcxproj", "{0F9CB37C-A710-42D4-B598-0A03FBDE0D76}"
EndProject
Project("{8BC9CEB8-8B4A-11D0-8D11-00A0C91BC942}") = "PipeProbeSetting", "PipeProbeSetting\PipeProbeSetting.vcxproj", "{2F2B1DCE-729A-4B0F-B0B8-9C7866F607B2}"
EndProject
Project("{8BC9CEB8-8B4A-11D0-8D11-00A0C91BC942}") = "RegexLib", "RegexLib\RegexLib.vcxproj", "{055582CE-5DC1-4E4E-9672-0B331CB93EA1}"
EndProject
Project("{8BC9CEB8-8B4A-11D0-8D11-00A0C91BC942}") = "WCmdCliant", "WCmdCliant\WCmdCliant.vcxproj", "{897C1869-B9D1-4033-BCF1-34581680F975}"
EndProject
Project("{8BC9CEB8-8B4A-11D0-8D11-00A0C91BC942}") = "MasteringWinSock", "MasteringWinSock\MasteringWinSock.vcxproj", "{3D900CEB-76E5-4FCD-930C-FE679B7C11C4}"
EndProject
Project("{8BC9CEB8-8B4A-11D0-8D11-00A0C91BC942}") = "EchoL5", "EchoRepL5\EchoRepL5.vcxproj", "{CFAD8992-BD41-4618-8036-B31D625D671E}"
	ProjectSection(ProjectDependencies) = postProject
		{2A2601FF-7555-42DD-ACE0-95A63609F7DF} = {2A2601FF-7555-42DD-ACE0-95A63609F7DF}
	EndProjectSection
EndProject
Project("{8BC9CEB8-8B4A-11D0-8D11-00A0C91BC942}") = "ByteDataTest", "ByteDataTest\ByteDataTest.vcxproj", "{A3902C50-AD5C-44DC-BBDE-25CEF1A5BCFF}"
	ProjectSection(ProjectDependencies) = postProject
		{2A2601FF-7555-42DD-ACE0-95A63609F7DF} = {2A2601FF-7555-42DD-ACE0-95A63609F7DF}
	EndProjectSection
EndProject
Project("{8BC9CEB8-8B4A-11D0-8D11-00A0C91BC942}") = "PipeToNet", "PipeToNet\PipeToNet.vcxproj", "{7C628AA4-9E6C-4196-898C-097E585B3526}"
	ProjectSection(ProjectDependencies) = postProject
		{2A2601FF-7555-42DD-ACE0-95A63609F7DF} = {2A2601FF-7555-42DD-ACE0-95A63609F7DF}
	EndProjectSection
EndProject
Project("{8BC9CEB8-8B4A-11D0-8D11-00A0C91BC942}") = "PipeProxy", "PipeProxy\PipeProxy.vcxproj", "{ED5E2A70-D24E-46D1-9FCC-EA1FEE990872}"
	ProjectSection(ProjectDependencies) = postProject
		{2A2601FF-7555-42DD-ACE0-95A63609F7DF} = {2A2601FF-7555-42DD-ACE0-95A63609F7DF}
	EndProjectSection
EndProject
Project("{8BC9CEB8-8B4A-11D0-8D11-00A0C91BC942}") = "CommonLib", "CommonLib\CommonLib.vcxproj", "{2A2601FF-7555-42DD-ACE0-95A63609F7DF}"
EndProject
Project("{8BC9CEB8-8B4A-11D0-8D11-00A0C91BC942}") = "EchoCon", "EchoCon\EchoCon.vcxproj", "{0EC221FB-F83C-4A95-952D-BD89EDAC9AF5}"
EndProject
Project("{8BC9CEB8-8B4A-11D0-8D11-00A0C91BC942}") = "InterceptCon", "InterceptCon\InterceptCon.vcxproj", "{155D4FF1-EDA5-4624-BD52-525181D8F98B}"
EndProject
Project("{8BC9CEB8-8B4A-11D0-8D11-00A0C91BC942}") = "PTYGUI", "PTYGUI\PTYGUI.vcxproj", "{4A6CCA6B-35CE-41C2-90DD-6A9F0A296AE4}"
	ProjectSection(ProjectDependencies) = postProject
		{2A2601FF-7555-42DD-ACE0-95A63609F7DF} = {2A2601FF-7555-42DD-ACE0-95A63609F7DF}
	EndProjectSection
EndProject
Global
	GlobalSection(SolutionConfigurationPlatforms) = preSolution
		Debug|Any CPU = Debug|Any CPU
		Debug|ARM = Debug|ARM
		Debug|ARM64 = Debug|ARM64
		Debug|x64 = Debug|x64
		Debug|x86 = Debug|x86
		Release|Any CPU = Release|Any CPU
		Release|ARM = Release|ARM
		Release|ARM64 = Release|ARM64
		Release|x64 = Release|x64
		Release|x86 = Release|x86
	EndGlobalSection
	GlobalSection(ProjectConfigurationPlatforms) = postSolution
		{0F9CB37C-A710-42D4-B598-0A03FBDE0D76}.Debug|Any CPU.ActiveCfg = Debug|x64
		{0F9CB37C-A710-42D4-B598-0A03FBDE0D76}.Debug|Any CPU.Build.0 = Debug|x64
		{0F9CB37C-A710-42D4-B598-0A03FBDE0D76}.Debug|ARM.ActiveCfg = Debug|Win32
		{0F9CB37C-A710-42D4-B598-0A03FBDE0D76}.Debug|ARM64.ActiveCfg = Debug|Win32
		{0F9CB37C-A710-42D4-B598-0A03FBDE0D76}.Debug|x64.ActiveCfg = Debug|x64
		{0F9CB37C-A710-42D4-B598-0A03FBDE0D76}.Debug|x64.Build.0 = Debug|x64
		{0F9CB37C-A710-42D4-B598-0A03FBDE0D76}.Debug|x86.ActiveCfg = Debug|Win32
		{0F9CB37C-A710-42D4-B598-0A03FBDE0D76}.Debug|x86.Build.0 = Debug|Win32
		{0F9CB37C-A710-42D4-B598-0A03FBDE0D76}.Release|Any CPU.ActiveCfg = Release|x64
		{0F9CB37C-A710-42D4-B598-0A03FBDE0D76}.Release|Any CPU.Build.0 = Release|x64
		{0F9CB37C-A710-42D4-B598-0A03FBDE0D76}.Release|ARM.ActiveCfg = Release|Win32
		{0F9CB37C-A710-42D4-B598-0A03FBDE0D76}.Release|ARM64.ActiveCfg = Release|Win32
		{0F9CB37C-A710-42D4-B598-0A03FBDE0D76}.Release|x64.ActiveCfg = Release|x64
		{0F9CB37C-A710-42D4-B598-0A03FBDE0D76}.Release|x64.Build.0 = Release|x64
		{0F9CB37C-A710-42D4-B598-0A03FBDE0D76}.Release|x86.ActiveCfg = Release|Win32
		{0F9CB37C-A710-42D4-B598-0A03FBDE0D76}.Release|x86.Build.0 = Release|Win32
		{2F2B1DCE-729A-4B0F-B0B8-9C7866F607B2}.Debug|Any CPU.ActiveCfg = Debug|x64
		{2F2B1DCE-729A-4B0F-B0B8-9C7866F607B2}.Debug|Any CPU.Build.0 = Debug|x64
		{2F2B1DCE-729A-4B0F-B0B8-9C7866F607B2}.Debug|ARM.ActiveCfg = Debug|Win32
		{2F2B1DCE-729A-4B0F-B0B8-9C7866F607B2}.Debug|ARM64.ActiveCfg = Debug|Win32
		{2F2B1DCE-729A-4B0F-B0B8-9C7866F607B2}.Debug|x64.ActiveCfg = Debug|x64
		{2F2B1DCE-729A-4B0F-B0B8-9C7866F607B2}.Debug|x64.Build.0 = Debug|x64
		{2F2B1DCE-729A-4B0F-B0B8-9C7866F607B2}.Debug|x86.ActiveCfg = Debug|Win32
		{2F2B1DCE-729A-4B0F-B0B8-9C7866F607B2}.Debug|x86.Build.0 = Debug|Win32
		{2F2B1DCE-729A-4B0F-B0B8-9C7866F607B2}.Release|Any CPU.ActiveCfg = Release|x64
		{2F2B1DCE-729A-4B0F-B0B8-9C7866F607B2}.Release|Any CPU.Build.0 = Release|x64
		{2F2B1DCE-729A-4B0F-B0B8-9C7866F607B2}.Release|ARM.ActiveCfg = Release|Win32
		{2F2B1DCE-729A-4B0F-B0B8-9C7866F607B2}.Release|ARM64.ActiveCfg = Release|Win32
		{2F2B1DCE-729A-4B0F-B0B8-9C7866F607B2}.Release|x64.ActiveCfg = Release|x64
		{2F2B1DCE-729A-4B0F-B0B8-9C7866F607B2}.Release|x64.Build.0 = Release|x64
		{2F2B1DCE-729A-4B0F-B0B8-9C7866F607B2}.Release|x86.ActiveCfg = Release|Win32
		{2F2B1DCE-729A-4B0F-B0B8-9C7866F607B2}.Release|x86.Build.0 = Release|Win32
		{055582CE-5DC1-4E4E-9672-0B331CB93EA1}.Debug|Any CPU.ActiveCfg = Debug|x64
		{055582CE-5DC1-4E4E-9672-0B331CB93EA1}.Debug|Any CPU.Build.0 = Debug|x64
		{055582CE-5DC1-4E4E-9672-0B331CB93EA1}.Debug|ARM.ActiveCfg = Debug|Win32
		{055582CE-5DC1-4E4E-9672-0B331CB93EA1}.Debug|ARM64.ActiveCfg = Debug|Win32
		{055582CE-5DC1-4E4E-9672-0B331CB93EA1}.Debug|x64.ActiveCfg = Debug|x64
		{055582CE-5DC1-4E4E-9672-0B331CB93EA1}.Debug|x64.Build.0 = Debug|x64
		{055582CE-5DC1-4E4E-9672-0B331CB93EA1}.Debug|x86.ActiveCfg = Debug|Win32
		{055582CE-5DC1-4E4E-9672-0B331CB93EA1}.Debug|x86.Build.0 = Debug|Win32
		{055582CE-5DC1-4E4E-9672-0B331CB93EA1}.Release|Any CPU.ActiveCfg = Release|x64
		{055582CE-5DC1-4E4E-9672-0B331CB93EA1}.Release|Any CPU.Build.0 = Release|x64
		{055582CE-5DC1-4E4E-9672-0B331CB93EA1}.Release|ARM.ActiveCfg = Release|Win32
		{055582CE-5DC1-4E4E-9672-0B331CB93EA1}.Release|ARM64.ActiveCfg = Release|Win32
		{055582CE-5DC1-4E4E-9672-0B331CB93EA1}.Release|x64.ActiveCfg = Release|x64
		{055582CE-5DC1-4E4E-9672-0B331CB93EA1}.Release|x64.Build.0 = Release|x64
		{055582CE-5DC1-4E4E-9672-0B331CB93EA1}.Release|x86.ActiveCfg = Release|Win32
		{055582CE-5DC1-4E4E-9672-0B331CB93EA1}.Release|x86.Build.0 = Release|Win32
		{897C1869-B9D1-4033-BCF1-34581680F975}.Debug|Any CPU.ActiveCfg = Debug|x64
		{897C1869-B9D1-4033-BCF1-34581680F975}.Debug|Any CPU.Build.0 = Debug|x64
		{897C1869-B9D1-4033-BCF1-34581680F975}.Debug|ARM.ActiveCfg = Debug|Win32
		{897C1869-B9D1-4033-BCF1-34581680F975}.Debug|ARM64.ActiveCfg = Debug|Win32
		{897C1869-B9D1-4033-BCF1-34581680F975}.Debug|x64.ActiveCfg = Debug|x64
		{897C1869-B9D1-4033-BCF1-34581680F975}.Debug|x64.Build.0 = Debug|x64
		{897C1869-B9D1-4033-BCF1-34581680F975}.Debug|x86.ActiveCfg = Debug|Win32
		{897C1869-B9D1-4033-BCF1-34581680F975}.Debug|x86.Build.0 = Debug|Win32
		{897C1869-B9D1-4033-BCF1-34581680F975}.Release|Any CPU.ActiveCfg = Release|x64
		{897C1869-B9D1-4033-BCF1-34581680F975}.Release|Any CPU.Build.0 = Release|x64
		{897C1869-B9D1-4033-BCF1-34581680F975}.Release|ARM.ActiveCfg = Release|Win32
		{897C1869-B9D1-4033-BCF1-34581680F975}.Release|ARM64.ActiveCfg = Release|Win32
		{897C1869-B9D1-4033-BCF1-34581680F975}.Release|x64.ActiveCfg = Release|x64
		{897C1869-B9D1-4033-BCF1-34581680F975}.Release|x64.Build.0 = Release|x64
		{897C1869-B9D1-4033-BCF1-34581680F975}.Release|x86.ActiveCfg = Release|Win32
		{897C1869-B9D1-4033-BCF1-34581680F975}.Release|x86.Build.0 = Release|Win32
		{3D900CEB-76E5-4FCD-930C-FE679B7C11C4}.Debug|Any CPU.ActiveCfg = Debug|x64
		{3D900CEB-76E5-4FCD-930C-FE679B7C11C4}.Debug|Any CPU.Build.0 = Debug|x64
		{3D900CEB-76E5-4FCD-930C-FE679B7C11C4}.Debug|ARM.ActiveCfg = Debug|Win32
		{3D900CEB-76E5-4FCD-930C-FE679B7C11C4}.Debug|ARM64.ActiveCfg = Debug|Win32
		{3D900CEB-76E5-4FCD-930C-FE679B7C11C4}.Debug|x64.ActiveCfg = Debug|x64
		{3D900CEB-76E5-4FCD-930C-FE679B7C11C4}.Debug|x64.Build.0 = Debug|x64
		{3D900CEB-76E5-4FCD-930C-FE679B7C11C4}.Debug|x86.ActiveCfg = Debug|Win32
		{3D900CEB-76E5-4FCD-930C-FE679B7C11C4}.Debug|x86.Build.0 = Debug|Win32
		{3D900CEB-76E5-4FCD-930C-FE679B7C11C4}.Release|Any CPU.ActiveCfg = Release|x64
		{3D900CEB-76E5-4FCD-930C-FE679B7C11C4}.Release|Any CPU.Build.0 = Release|x64
		{3D900CEB-76E5-4FCD-930C-FE679B7C11C4}.Release|ARM.ActiveCfg = Release|Win32
		{3D900CEB-76E5-4FCD-930C-FE679B7C11C4}.Release|ARM64.ActiveCfg = Release|Win32
		{3D900CEB-76E5-4FCD-930C-FE679B7C11C4}.Release|x64.ActiveCfg = Release|x64
		{3D900CEB-76E5-4FCD-930C-FE679B7C11C4}.Release|x64.Build.0 = Release|x64
		{3D900CEB-76E5-4FCD-930C-FE679B7C11C4}.Release|x86.ActiveCfg = Release|Win32
		{3D900CEB-76E5-4FCD-930C-FE679B7C11C4}.Release|x86.Build.0 = Release|Win32
		{CFAD8992-BD41-4618-8036-B31D625D671E}.Debug|Any CPU.ActiveCfg = Debug|x64
		{CFAD8992-BD41-4618-8036-B31D625D671E}.Debug|Any CPU.Build.0 = Debug|x64
		{CFAD8992-BD41-4618-8036-B31D625D671E}.Debug|ARM.ActiveCfg = Debug|x64
		{CFAD8992-BD41-4618-8036-B31D625D671E}.Debug|ARM.Build.0 = Debug|x64
		{CFAD8992-BD41-4618-8036-B31D625D671E}.Debug|ARM64.ActiveCfg = Debug|x64
		{CFAD8992-BD41-4618-8036-B31D625D671E}.Debug|ARM64.Build.0 = Debug|x64
		{CFAD8992-BD41-4618-8036-B31D625D671E}.Debug|x64.ActiveCfg = Debug|x64
		{CFAD8992-BD41-4618-8036-B31D625D671E}.Debug|x64.Build.0 = Debug|x64
		{CFAD8992-BD41-4618-8036-B31D625D671E}.Debug|x86.ActiveCfg = Debug|Win32
		{CFAD8992-BD41-4618-8036-B31D625D671E}.Debug|x86.Build.0 = Debug|Win32
		{CFAD8992-BD41-4618-8036-B31D625D671E}.Release|Any CPU.ActiveCfg = Release|x64
		{CFAD8992-BD41-4618-8036-B31D625D671E}.Release|Any CPU.Build.0 = Release|x64
		{CFAD8992-BD41-4618-8036-B31D625D671E}.Release|ARM.ActiveCfg = Release|x64
		{CFAD8992-BD41-4618-8036-B31D625D671E}.Release|ARM.Build.0 = Release|x64
		{CFAD8992-BD41-4618-8036-B31D625D671E}.Release|ARM64.ActiveCfg = Release|x64
		{CFAD8992-BD41-4618-8036-B31D625D671E}.Release|ARM64.Build.0 = Release|x64
		{CFAD8992-BD41-4618-8036-B31D625D671E}.Release|x64.ActiveCfg = Release|x64
		{CFAD8992-BD41-4618-8036-B31D625D671E}.Release|x64.Build.0 = Release|x64
		{CFAD8992-BD41-4618-8036-B31D625D671E}.Release|x86.ActiveCfg = Release|Win32
		{CFAD8992-BD41-4618-8036-B31D625D671E}.Release|x86.Build.0 = Release|Win32
		{A3902C50-AD5C-44DC-BBDE-25CEF1A5BCFF}.Debug|Any CPU.ActiveCfg = Debug|x64
		{A3902C50-AD5C-44DC-BBDE-25CEF1A5BCFF}.Debug|Any CPU.Build.0 = Debug|x64
		{A3902C50-AD5C-44DC-BBDE-25CEF1A5BCFF}.Debug|ARM.ActiveCfg = Debug|x64
		{A3902C50-AD5C-44DC-BBDE-25CEF1A5BCFF}.Debug|ARM.Build.0 = Debug|x64
		{A3902C50-AD5C-44DC-BBDE-25CEF1A5BCFF}.Debug|ARM64.ActiveCfg = Debug|x64
		{A3902C50-AD5C-44DC-BBDE-25CEF1A5BCFF}.Debug|ARM64.Build.0 = Debug|x64
		{A3902C50-AD5C-44DC-BBDE-25CEF1A5BCFF}.Debug|x64.ActiveCfg = Debug|x64
		{A3902C50-AD5C-44DC-BBDE-25CEF1A5BCFF}.Debug|x64.Build.0 = Debug|x64
		{A3902C50-AD5C-44DC-BBDE-25CEF1A5BCFF}.Debug|x86.ActiveCfg = Debug|Win32
		{A3902C50-AD5C-44DC-BBDE-25CEF1A5BCFF}.Debug|x86.Build.0 = Debug|Win32
		{A3902C50-AD5C-44DC-BBDE-25CEF1A5BCFF}.Release|Any CPU.ActiveCfg = Release|x64
		{A3902C50-AD5C-44DC-BBDE-25CEF1A5BCFF}.Release|Any CPU.Build.0 = Release|x64
		{A3902C50-AD5C-44DC-BBDE-25CEF1A5BCFF}.Release|ARM.ActiveCfg = Release|x64
		{A3902C50-AD5C-44DC-BBDE-25CEF1A5BCFF}.Release|ARM.Build.0 = Release|x64
		{A3902C50-AD5C-44DC-BBDE-25CEF1A5BCFF}.Release|ARM64.ActiveCfg = Release|x64
		{A3902C50-AD5C-44DC-BBDE-25CEF1A5BCFF}.Release|ARM64.Build.0 = Release|x64
		{A3902C50-AD5C-44DC-BBDE-25CEF1A5BCFF}.Release|x64.ActiveCfg = Release|x64
		{A3902C50-AD5C-44DC-BBDE-25CEF1A5BCFF}.Release|x64.Build.0 = Release|x64
		{A3902C50-AD5C-44DC-BBDE-25CEF1A5BCFF}.Release|x86.ActiveCfg = Release|Win32
		{A3902C50-AD5C-44DC-BBDE-25CEF1A5BCFF}.Release|x86.Build.0 = Release|Win32
		{7C628AA4-9E6C-4196-898C-097E585B3526}.Debug|Any CPU.ActiveCfg = Debug|x64
		{7C628AA4-9E6C-4196-898C-097E585B3526}.Debug|Any CPU.Build.0 = Debug|x64
		{7C628AA4-9E6C-4196-898C-097E585B3526}.Debug|ARM.ActiveCfg = Debug|x64
		{7C628AA4-9E6C-4196-898C-097E585B3526}.Debug|ARM.Build.0 = Debug|x64
		{7C628AA4-9E6C-4196-898C-097E585B3526}.Debug|ARM64.ActiveCfg = Debug|x64
		{7C628AA4-9E6C-4196-898C-097E585B3526}.Debug|ARM64.Build.0 = Debug|x64
		{7C628AA4-9E6C-4196-898C-097E585B3526}.Debug|x64.ActiveCfg = Debug|x64
		{7C628AA4-9E6C-4196-898C-097E585B3526}.Debug|x64.Build.0 = Debug|x64
		{7C628AA4-9E6C-4196-898C-097E585B3526}.Debug|x86.ActiveCfg = Debug|Win32
		{7C628AA4-9E6C-4196-898C-097E585B3526}.Debug|x86.Build.0 = Debug|Win32
		{7C628AA4-9E6C-4196-898C-097E585B3526}.Release|Any CPU.ActiveCfg = Release|x64
		{7C628AA4-9E6C-4196-898C-097E585B3526}.Release|Any CPU.Build.0 = Release|x64
		{7C628AA4-9E6C-4196-898C-097E585B3526}.Release|ARM.ActiveCfg = Release|x64
		{7C628AA4-9E6C-4196-898C-097E585B3526}.Release|ARM.Build.0 = Release|x64
		{7C628AA4-9E6C-4196-898C-097E585B3526}.Release|ARM64.ActiveCfg = Release|x64
		{7C628AA4-9E6C-4196-898C-097E585B3526}.Release|ARM64.Build.0 = Release|x64
		{7C628AA4-9E6C-4196-898C-097E585B3526}.Release|x64.ActiveCfg = Release|x64
		{7C628AA4-9E6C-4196-898C-097E585B3526}.Release|x64.Build.0 = Release|x64
		{7C628AA4-9E6C-4196-898C-097E585B3526}.Release|x86.ActiveCfg = Release|Win32
		{7C628AA4-9E6C-4196-898C-097E585B3526}.Release|x86.Build.0 = Release|Win32
		{ED5E2A70-D24E-46D1-9FCC-EA1FEE990872}.Debug|Any CPU.ActiveCfg = Debug|x64
		{ED5E2A70-D24E-46D1-9FCC-EA1FEE990872}.Debug|Any CPU.Build.0 = Debug|x64
		{ED5E2A70-D24E-46D1-9FCC-EA1FEE990872}.Debug|ARM.ActiveCfg = Debug|x64
		{ED5E2A70-D24E-46D1-9FCC-EA1FEE990872}.Debug|ARM.Build.0 = Debug|x64
		{ED5E2A70-D24E-46D1-9FCC-EA1FEE990872}.Debug|ARM64.ActiveCfg = Debug|x64
		{ED5E2A70-D24E-46D1-9FCC-EA1FEE990872}.Debug|ARM64.Build.0 = Debug|x64
		{ED5E2A70-D24E-46D1-9FCC-EA1FEE990872}.Debug|x64.ActiveCfg = Debug|x64
		{ED5E2A70-D24E-46D1-9FCC-EA1FEE990872}.Debug|x64.Build.0 = Debug|x64
		{ED5E2A70-D24E-46D1-9FCC-EA1FEE990872}.Debug|x86.ActiveCfg = Debug|Win32
		{ED5E2A70-D24E-46D1-9FCC-EA1FEE990872}.Debug|x86.Build.0 = Debug|Win32
		{ED5E2A70-D24E-46D1-9FCC-EA1FEE990872}.Release|Any CPU.ActiveCfg = Release|x64
		{ED5E2A70-D24E-46D1-9FCC-EA1FEE990872}.Release|Any CPU.Build.0 = Release|x64
		{ED5E2A70-D24E-46D1-9FCC-EA1FEE990872}.Release|ARM.ActiveCfg = Release|x64
		{ED5E2A70-D24E-46D1-9FCC-EA1FEE990872}.Release|ARM.Build.0 = Release|x64
		{ED5E2A70-D24E-46D1-9FCC-EA1FEE990872}.Release|ARM64.ActiveCfg = Release|x64
		{ED5E2A70-D24E-46D1-9FCC-EA1FEE990872}.Release|ARM64.Build.0 = Release|x64
		{ED5E2A70-D24E-46D1-9FCC-EA1FEE990872}.Release|x64.ActiveCfg = Release|x64
		{ED5E2A70-D24E-46D1-9FCC-EA1FEE990872}.Release|x64.Build.0 = Release|x64
		{ED5E2A70-D24E-46D1-9FCC-EA1FEE990872}.Release|x86.ActiveCfg = Release|Win32
		{ED5E2A70-D24E-46D1-9FCC-EA1FEE990872}.Release|x86.Build.0 = Release|Win32
		{2A2601FF-7555-42DD-ACE0-95A63609F7DF}.Debug|Any CPU.ActiveCfg = Debug|x64
		{2A2601FF-7555-42DD-ACE0-95A63609F7DF}.Debug|Any CPU.Build.0 = Debug|x64
		{2A2601FF-7555-42DD-ACE0-95A63609F7DF}.Debug|ARM.ActiveCfg = Debug|x64
		{2A2601FF-7555-42DD-ACE0-95A63609F7DF}.Debug|ARM.Build.0 = Debug|x64
		{2A2601FF-7555-42DD-ACE0-95A63609F7DF}.Debug|ARM64.ActiveCfg = Debug|x64
		{2A2601FF-7555-42DD-ACE0-95A63609F7DF}.Debug|ARM64.Build.0 = Debug|x64
		{2A2601FF-7555-42DD-ACE0-95A63609F7DF}.Debug|x64.ActiveCfg = Debug|x64
		{2A2601FF-7555-42DD-ACE0-95A63609F7DF}.Debug|x64.Build.0 = Debug|x64
		{2A2601FF-7555-42DD-ACE0-95A63609F7DF}.Debug|x86.ActiveCfg = Debug|Win32
		{2A2601FF-7555-42DD-ACE0-95A63609F7DF}.Debug|x86.Build.0 = Debug|Win32
		{2A2601FF-7555-42DD-ACE0-95A63609F7DF}.Release|Any CPU.ActiveCfg = Release|x64
		{2A2601FF-7555-42DD-ACE0-95A63609F7DF}.Release|Any CPU.Build.0 = Release|x64
		{2A2601FF-7555-42DD-ACE0-95A63609F7DF}.Release|ARM.ActiveCfg = Release|x64
		{2A2601FF-7555-42DD-ACE0-95A63609F7DF}.Release|ARM.Build.0 = Release|x64
		{2A2601FF-7555-42DD-ACE0-95A63609F7DF}.Release|ARM64.ActiveCfg = Release|x64
		{2A2601FF-7555-42DD-ACE0-95A63609F7DF}.Release|ARM64.Build.0 = Release|x64
		{2A2601FF-7555-42DD-ACE0-95A63609F7DF}.Release|x64.ActiveCfg = Release|x64
		{2A2601FF-7555-42DD-ACE0-95A63609F7DF}.Release|x64.Build.0 = Release|x64
		{2A2601FF-7555-42DD-ACE0-95A63609F7DF}.Release|x86.ActiveCfg = Release|Win32
		{2A2601FF-7555-42DD-ACE0-95A63609F7DF}.Release|x86.Build.0 = Release|Win32
		{0EC221FB-F83C-4A95-952D-BD89EDAC9AF5}.Debug|Any CPU.ActiveCfg = Debug|x64
		{0EC221FB-F83C-4A95-952D-BD89EDAC9AF5}.Debug|Any CPU.Build.0 = Debug|x64
		{0EC221FB-F83C-4A95-952D-BD89EDAC9AF5}.Debug|ARM.ActiveCfg = Debug|x64
		{0EC221FB-F83C-4A95-952D-BD89EDAC9AF5}.Debug|ARM.Build.0 = Debug|x64
		{0EC221FB-F83C-4A95-952D-BD89EDAC9AF5}.Debug|ARM64.ActiveCfg = Debug|x64
		{0EC221FB-F83C-4A95-952D-BD89EDAC9AF5}.Debug|ARM64.Build.0 = Debug|x64
		{0EC221FB-F83C-4A95-952D-BD89EDAC9AF5}.Debug|x64.ActiveCfg = Debug|x64
		{0EC221FB-F83C-4A95-952D-BD89EDAC9AF5}.Debug|x64.Build.0 = Debug|x64
		{0EC221FB-F83C-4A95-952D-BD89EDAC9AF5}.Debug|x86.ActiveCfg = Debug|Win32
		{0EC221FB-F83C-4A95-952D-BD89EDAC9AF5}.Debug|x86.Build.0 = Debug|Win32
		{0EC221FB-F83C-4A95-952D-BD89EDAC9AF5}.Release|Any CPU.ActiveCfg = Release|x64
		{0EC221FB-F83C-4A95-952D-BD89EDAC9AF5}.Release|Any CPU.Build.0 = Release|x64
		{0EC221FB-F83C-4A95-952D-BD89EDAC9AF5}.Release|ARM.ActiveCfg = Release|x64
		{0EC221FB-F83C-4A95-952D-BD89EDAC9AF5}.Release|ARM.Build.0 = Release|x64
		{0EC221FB-F83C-4A95-952D-BD89EDAC9AF5}.Release|ARM64.ActiveCfg = Release|x64
		{0EC221FB-F83C-4A95-952D-BD89EDAC9AF5}.Release|ARM64.Build.0 = Release|x64
		{0EC221FB-F83C-4A95-952D-BD89EDAC9AF5}.Release|x64.ActiveCfg = Release|x64
		{0EC221FB-F83C-4A95-952D-BD89EDAC9AF5}.Release|x64.Build.0 = Release|x64
		{0EC221FB-F83C-4A95-952D-BD89EDAC9AF5}.Release|x86.ActiveCfg = Release|Win32
		{0EC221FB-F83C-4A95-952D-BD89EDAC9AF5}.Release|x86.Build.0 = Release|Win32
		{155D4FF1-EDA5-4624-BD52-525181D8F98B}.Debug|Any CPU.ActiveCfg = Debug|x64
		{155D4FF1-EDA5-4624-BD52-525181D8F98B}.Debug|Any CPU.Build.0 = Debug|x64
		{155D4FF1-EDA5-4624-BD52-525181D8F98B}.Debug|ARM.ActiveCfg = Debug|x64
		{155D4FF1-EDA5-4624-BD52-525181D8F98B}.Debug|ARM.Build.0 = Debug|x64
		{155D4FF1-EDA5-4624-BD52-525181D8F98B}.Debug|ARM64.ActiveCfg = Debug|x64
		{155D4FF1-EDA5-4624-BD52-525181D8F98B}.Debug|ARM64.Build.0 = Debug|x64
		{155D4FF1-EDA5-4624-BD52-525181D8F98B}.Debug|x64.ActiveCfg = Debug|x64
		{155D4FF1-EDA5-4624-BD52-525181D8F98B}.Debug|x64.Build.0 = Debug|x64
		{155D4FF1-EDA5-4624-BD52-525181D8F98B}.Debug|x86.ActiveCfg = Debug|Win32
		{155D4FF1-EDA5-4624-BD52-525181D8F98B}.Debug|x86.Build.0 = Debug|Win32
		{155D4FF1-EDA5-4624-BD52-525181D8F98B}.Release|Any CPU.ActiveCfg = Release|x64
		{155D4FF1-EDA5-4624-BD52-525181D8F98B}.Release|Any CPU.Build.0 = Release|x64
		{155D4FF1-EDA5-4624-BD52-525181D8F98B}.Release|ARM.ActiveCfg = Release|x64
		{155D4FF1-EDA5-4624-BD52-525181D8F98B}.Release|ARM.Build.0 = Release|x64
		{155D4FF1-EDA5-4624-BD52-525181D8F98B}.Release|ARM64.ActiveCfg = Release|x64
		{155D4FF1-EDA5-4624-BD52-525181D8F98B}.Release|ARM64.Build.0 = Release|x64
		{155D4FF1-EDA5-4624-BD52-525181D8F98B}.Release|x64.ActiveCfg = Release|x64
		{155D4FF1-EDA5-4624-BD52-525181D8F98B}.Release|x64.Build.0 = Release|x64
		{155D4FF1-EDA5-4624-BD52-525181D8F98B}.Release|x86.ActiveCfg = Release|Win32
		{155D4FF1-EDA5-4624-BD52-525181D8F98B}.Release|x86.Build.0 = Release|Win32
		{4A6CCA6B-35CE-41C2-90DD-6A9F0A296AE4}.Debug|Any CPU.ActiveCfg = Debug|x64
		{4A6CCA6B-35CE-41C2-90DD-6A9F0A296AE4}.Debug|Any CPU.Build.0 = Debug|x64
		{4A6CCA6B-35CE-41C2-90DD-6A9F0A296AE4}.Debug|ARM.ActiveCfg = Debug|x64
		{4A6CCA6B-35CE-41C2-90DD-6A9F0A296AE4}.Debug|ARM.Build.0 = Debug|x64
		{4A6CCA6B-35CE-41C2-90DD-6A9F0A296AE4}.Debug|ARM64.ActiveCfg = Debug|x64
		{4A6CCA6B-35CE-41C2-90DD-6A9F0A296AE4}.Debug|ARM64.Build.0 = Debug|x64
		{4A6CCA6B-35CE-41C2-90DD-6A9F0A296AE4}.Debug|x64.ActiveCfg = Debug|x64
		{4A6CCA6B-35CE-41C2-90DD-6A9F0A296AE4}.Debug|x64.Build.0 = Debug|x64
		{4A6CCA6B-35CE-41C2-90DD-6A9F0A296AE4}.Debug|x86.ActiveCfg = Debug|Win32
		{4A6CCA6B-35CE-41C2-90DD-6A9F0A296AE4}.Debug|x86.Build.0 = Debug|Win32
		{4A6CCA6B-35CE-41C2-90DD-6A9F0A296AE4}.Release|Any CPU.ActiveCfg = Release|x64
		{4A6CCA6B-35CE-41C2-90DD-6A9F0A296AE4}.Release|Any CPU.Build.0 = Release|x64
		{4A6CCA6B-35CE-41C2-90DD-6A9F0A296AE4}.Release|ARM.ActiveCfg = Release|x64
		{4A6CCA6B-35CE-41C2-90DD-6A9F0A296AE4}.Release|ARM.Build.0 = Release|x64
		{4A6CCA6B-35CE-41C2-90DD-6A9F0A296AE4}.Release|ARM64.ActiveCfg = Release|x64
		{4A6CCA6B-35CE-41C2-90DD-6A9F0A296AE4}.Release|ARM64.Build.0 = Release|x64
		{4A6CCA6B-35CE-41C2-90DD-6A9F0A296AE4}.Release|x64.ActiveCfg = Release|x64
		{4A6CCA6B-35CE-41C2-90DD-6A9F0A296AE4}.Release|x64.Build.0 = Release|x64
		{4A6CCA6B-35CE-41C2-90DD-6A9F0A296AE4}.Release|x86.ActiveCfg = Release|Win32
		{4A6CCA6B-35CE-41C2-90DD-6A9F0A296AE4}.Release|x86.Build.0 = Release|Win32
	EndGlobalSection
	GlobalSection(SolutionProperties) = preSolution
		HideSolutionNode = FALSE
	EndGlobalSection
	GlobalSection(ExtensibilityGlobals) = postSolution
		SolutionGuid = {19E9CA93-6786-4139-A084-4DA1A1578D38}
	EndGlobalSection
EndGlobal
